// !$*UTF8*$!
{
	archiveVersion = 1;
	classes = {
	};
	objectVersion = 46;
	objects = {

/* Begin PBXBuildFile section */
		975598AA19B9486000CD85F8 /* Foundation.framework in Frameworks */ = {isa = PBXBuildFile; fileRef = 975598A919B9486000CD85F8 /* Foundation.framework */; };
		975598AC19B9486000CD85F8 /* CoreGraphics.framework in Frameworks */ = {isa = PBXBuildFile; fileRef = 975598AB19B9486000CD85F8 /* CoreGraphics.framework */; };
		975598AE19B9486000CD85F8 /* UIKit.framework in Frameworks */ = {isa = PBXBuildFile; fileRef = 975598AD19B9486000CD85F8 /* UIKit.framework */; };
		975598B419B9486000CD85F8 /* InfoPlist.strings in Resources */ = {isa = PBXBuildFile; fileRef = 975598B219B9486000CD85F8 /* InfoPlist.strings */; };
		975598B619B9486100CD85F8 /* main.m in Sources */ = {isa = PBXBuildFile; fileRef = 975598B519B9486100CD85F8 /* main.m */; };
		975598BA19B9486100CD85F8 /* AppDelegate.m in Sources */ = {isa = PBXBuildFile; fileRef = 975598B919B9486100CD85F8 /* AppDelegate.m */; };
		975598BD19B9486100CD85F8 /* Main.storyboard in Resources */ = {isa = PBXBuildFile; fileRef = 975598BB19B9486100CD85F8 /* Main.storyboard */; };
		975598C019B9486100CD85F8 /* ChangerViewController.m in Sources */ = {isa = PBXBuildFile; fileRef = 975598BF19B9486100CD85F8 /* ChangerViewController.m */; };
		975598C219B9486100CD85F8 /* Images.xcassets in Resources */ = {isa = PBXBuildFile; fileRef = 975598C119B9486100CD85F8 /* Images.xcassets */; };
		975598C919B9486100CD85F8 /* XCTest.framework in Frameworks */ = {isa = PBXBuildFile; fileRef = 975598C819B9486100CD85F8 /* XCTest.framework */; };
		975598CA19B9486100CD85F8 /* Foundation.framework in Frameworks */ = {isa = PBXBuildFile; fileRef = 975598A919B9486000CD85F8 /* Foundation.framework */; };
		975598CB19B9486100CD85F8 /* UIKit.framework in Frameworks */ = {isa = PBXBuildFile; fileRef = 975598AD19B9486000CD85F8 /* UIKit.framework */; };
		975598D319B9486100CD85F8 /* InfoPlist.strings in Resources */ = {isa = PBXBuildFile; fileRef = 975598D119B9486100CD85F8 /* InfoPlist.strings */; };
		975598D519B9486100CD85F8 /* BackgroundChangerTests.m in Sources */ = {isa = PBXBuildFile; fileRef = 975598D419B9486100CD85F8 /* BackgroundChangerTests.m */; };
		975598E019B9508D00CD85F8 /* BackgroundView.m in Sources */ = {isa = PBXBuildFile; fileRef = 975598DF19B9508D00CD85F8 /* BackgroundView.m */; };
		975598E619BA0AD100CD85F8 /* ColorGenerator.m in Sources */ = {isa = PBXBuildFile; fileRef = 975598E519BA0AD100CD85F8 /* ColorGenerator.m */; };
/* End PBXBuildFile section */

/* Begin PBXContainerItemProxy section */
		975598CC19B9486100CD85F8 /* PBXContainerItemProxy */ = {
			isa = PBXContainerItemProxy;
			containerPortal = 9755989E19B9486000CD85F8 /* Project object */;
			proxyType = 1;
			remoteGlobalIDString = 975598A519B9486000CD85F8;
			remoteInfo = BackgroundChanger;
		};
/* End PBXContainerItemProxy section */

/* Begin PBXFileReference section */
		975598A619B9486000CD85F8 /* BackgroundChanger.app */ = {isa = PBXFileReference; explicitFileType = wrapper.application; includeInIndex = 0; path = BackgroundChanger.app; sourceTree = BUILT_PRODUCTS_DIR; };
		975598A919B9486000CD85F8 /* Foundation.framework */ = {isa = PBXFileReference; lastKnownFileType = wrapper.framework; name = Foundation.framework; path = System/Library/Frameworks/Foundation.framework; sourceTree = SDKROOT; };
		975598AB19B9486000CD85F8 /* CoreGraphics.framework */ = {isa = PBXFileReference; lastKnownFileType = wrapper.framework; name = CoreGraphics.framework; path = System/Library/Frameworks/CoreGraphics.framework; sourceTree = SDKROOT; };
		975598AD19B9486000CD85F8 /* UIKit.framework */ = {isa = PBXFileReference; lastKnownFileType = wrapper.framework; name = UIKit.framework; path = System/Library/Frameworks/UIKit.framework; sourceTree = SDKROOT; };
		975598B119B9486000CD85F8 /* BackgroundChanger-Info.plist */ = {isa = PBXFileReference; lastKnownFileType = text.plist.xml; path = "BackgroundChanger-Info.plist"; sourceTree = "<group>"; };
		975598B319B9486000CD85F8 /* en */ = {isa = PBXFileReference; lastKnownFileType = text.plist.strings; name = en; path = en.lproj/InfoPlist.strings; sourceTree = "<group>"; };
		975598B519B9486100CD85F8 /* main.m */ = {isa = PBXFileReference; lastKnownFileType = sourcecode.c.objc; path = main.m; sourceTree = "<group>"; };
		975598B719B9486100CD85F8 /* BackgroundChanger-Prefix.pch */ = {isa = PBXFileReference; lastKnownFileType = sourcecode.c.h; path = "BackgroundChanger-Prefix.pch"; sourceTree = "<group>"; };
		975598B819B9486100CD85F8 /* AppDelegate.h */ = {isa = PBXFileReference; lastKnownFileType = sourcecode.c.h; path = AppDelegate.h; sourceTree = "<group>"; };
		975598B919B9486100CD85F8 /* AppDelegate.m */ = {isa = PBXFileReference; lastKnownFileType = sourcecode.c.objc; path = AppDelegate.m; sourceTree = "<group>"; };
		975598BC19B9486100CD85F8 /* Base */ = {isa = PBXFileReference; lastKnownFileType = file.storyboard; name = Base; path = Base.lproj/Main.storyboard; sourceTree = "<group>"; };
		975598BE19B9486100CD85F8 /* ChangerViewController.h */ = {isa = PBXFileReference; lastKnownFileType = sourcecode.c.h; path = ChangerViewController.h; sourceTree = "<group>"; };
		975598BF19B9486100CD85F8 /* ChangerViewController.m */ = {isa = PBXFileReference; lastKnownFileType = sourcecode.c.objc; path = ChangerViewController.m; sourceTree = "<group>"; };
		975598C119B9486100CD85F8 /* Images.xcassets */ = {isa = PBXFileReference; lastKnownFileType = folder.assetcatalog; path = Images.xcassets; sourceTree = "<group>"; };
		975598C719B9486100CD85F8 /* BackgroundChangerTests.xctest */ = {isa = PBXFileReference; explicitFileType = wrapper.cfbundle; includeInIndex = 0; path = BackgroundChangerTests.xctest; sourceTree = BUILT_PRODUCTS_DIR; };
		975598C819B9486100CD85F8 /* XCTest.framework */ = {isa = PBXFileReference; lastKnownFileType = wrapper.framework; name = XCTest.framework; path = Library/Frameworks/XCTest.framework; sourceTree = DEVELOPER_DIR; };
		975598D019B9486100CD85F8 /* BackgroundChangerTests-Info.plist */ = {isa = PBXFileReference; lastKnownFileType = text.plist.xml; path = "BackgroundChangerTests-Info.plist"; sourceTree = "<group>"; };
		975598D219B9486100CD85F8 /* en */ = {isa = PBXFileReference; lastKnownFileType = text.plist.strings; name = en; path = en.lproj/InfoPlist.strings; sourceTree = "<group>"; };
		975598D419B9486100CD85F8 /* BackgroundChangerTests.m */ = {isa = PBXFileReference; lastKnownFileType = sourcecode.c.objc; path = BackgroundChangerTests.m; sourceTree = "<group>"; };
		975598DE19B9508D00CD85F8 /* BackgroundView.h */ = {isa = PBXFileReference; fileEncoding = 4; lastKnownFileType = sourcecode.c.h; path = BackgroundView.h; sourceTree = "<group>"; };
		975598DF19B9508D00CD85F8 /* BackgroundView.m */ = {isa = PBXFileReference; fileEncoding = 4; lastKnownFileType = sourcecode.c.objc; path = BackgroundView.m; sourceTree = "<group>"; };
		975598E219B957E800CD85F8 /* ColorGenerator.h */ = {isa = PBXFileReference; fileEncoding = 4; lastKnownFileType = sourcecode.c.h; path = ColorGenerator.h; sourceTree = "<group>"; };
		975598E519BA0AD100CD85F8 /* ColorGenerator.m */ = {isa = PBXFileReference; fileEncoding = 4; lastKnownFileType = sourcecode.c.objc; path = ColorGenerator.m; sourceTree = "<group>"; };
/* End PBXFileReference section */

/* Begin PBXFrameworksBuildPhase section */
		975598A319B9486000CD85F8 /* Frameworks */ = {
			isa = PBXFrameworksBuildPhase;
			buildActionMask = 2147483647;
			files = (
				975598AC19B9486000CD85F8 /* CoreGraphics.framework in Frameworks */,
				975598AE19B9486000CD85F8 /* UIKit.framework in Frameworks */,
				975598AA19B9486000CD85F8 /* Foundation.framework in Frameworks */,
			);
			runOnlyForDeploymentPostprocessing = 0;
		};
		975598C419B9486100CD85F8 /* Frameworks */ = {
			isa = PBXFrameworksBuildPhase;
			buildActionMask = 2147483647;
			files = (
				975598C919B9486100CD85F8 /* XCTest.framework in Frameworks */,
				975598CB19B9486100CD85F8 /* UIKit.framework in Frameworks */,
				975598CA19B9486100CD85F8 /* Foundation.framework in Frameworks */,
			);
			runOnlyForDeploymentPostprocessing = 0;
		};
/* End PBXFrameworksBuildPhase section */

/* Begin PBXGroup section */
		9755989D19B9486000CD85F8 = {
			isa = PBXGroup;
			children = (
				975598AF19B9486000CD85F8 /* BackgroundChanger */,
				975598CE19B9486100CD85F8 /* BackgroundChangerTests */,
				975598A819B9486000CD85F8 /* Frameworks */,
				975598A719B9486000CD85F8 /* Products */,
			);
			sourceTree = "<group>";
		};
		975598A719B9486000CD85F8 /* Products */ = {
			isa = PBXGroup;
			children = (
				975598A619B9486000CD85F8 /* BackgroundChanger.app */,
				975598C719B9486100CD85F8 /* BackgroundChangerTests.xctest */,
			);
			name = Products;
			sourceTree = "<group>";
		};
		975598A819B9486000CD85F8 /* Frameworks */ = {
			isa = PBXGroup;
			children = (
				975598A919B9486000CD85F8 /* Foundation.framework */,
				975598AB19B9486000CD85F8 /* CoreGraphics.framework */,
				975598AD19B9486000CD85F8 /* UIKit.framework */,
				975598C819B9486100CD85F8 /* XCTest.framework */,
			);
			name = Frameworks;
			sourceTree = "<group>";
		};
		975598AF19B9486000CD85F8 /* BackgroundChanger */ = {
			isa = PBXGroup;
			children = (
				975598B819B9486100CD85F8 /* AppDelegate.h */,
				975598B919B9486100CD85F8 /* AppDelegate.m */,
				975598BB19B9486100CD85F8 /* Main.storyboard */,
				975598DE19B9508D00CD85F8 /* BackgroundView.h */,
				975598DF19B9508D00CD85F8 /* BackgroundView.m */,
				975598BE19B9486100CD85F8 /* ChangerViewController.h */,
				975598BF19B9486100CD85F8 /* ChangerViewController.m */,
				975598E119B957BB00CD85F8 /* Model */,
				975598C119B9486100CD85F8 /* Images.xcassets */,
				975598B019B9486000CD85F8 /* Supporting Files */,
			);
			path = BackgroundChanger;
			sourceTree = "<group>";
		};
		975598B019B9486000CD85F8 /* Supporting Files */ = {
			isa = PBXGroup;
			children = (
				975598B119B9486000CD85F8 /* BackgroundChanger-Info.plist */,
				975598B219B9486000CD85F8 /* InfoPlist.strings */,
				975598B519B9486100CD85F8 /* main.m */,
				975598B719B9486100CD85F8 /* BackgroundChanger-Prefix.pch */,
			);
			name = "Supporting Files";
			sourceTree = "<group>";
		};
		975598CE19B9486100CD85F8 /* BackgroundChangerTests */ = {
			isa = PBXGroup;
			children = (
				975598D419B9486100CD85F8 /* BackgroundChangerTests.m */,
				975598CF19B9486100CD85F8 /* Supporting Files */,
			);
			path = BackgroundChangerTests;
			sourceTree = "<group>";
		};
		975598CF19B9486100CD85F8 /* Supporting Files */ = {
			isa = PBXGroup;
			children = (
				975598D019B9486100CD85F8 /* BackgroundChangerTests-Info.plist */,
				975598D119B9486100CD85F8 /* InfoPlist.strings */,
			);
			name = "Supporting Files";
			sourceTree = "<group>";
		};
		975598E119B957BB00CD85F8 /* Model */ = {
			isa = PBXGroup;
			children = (
				975598E219B957E800CD85F8 /* ColorGenerator.h */,
				975598E519BA0AD100CD85F8 /* ColorGenerator.m */,
			);
			name = Model;
			sourceTree = "<group>";
		};
/* End PBXGroup section */

/* Begin PBXNativeTarget section */
		975598A519B9486000CD85F8 /* BackgroundChanger */ = {
			isa = PBXNativeTarget;
			buildConfigurationList = 975598D819B9486100CD85F8 /* Build configuration list for PBXNativeTarget "BackgroundChanger" */;
			buildPhases = (
				975598A219B9486000CD85F8 /* Sources */,
				975598A319B9486000CD85F8 /* Frameworks */,
				975598A419B9486000CD85F8 /* Resources */,
			);
			buildRules = (
			);
			dependencies = (
			);
			name = BackgroundChanger;
			productName = BackgroundChanger;
			productReference = 975598A619B9486000CD85F8 /* BackgroundChanger.app */;
			productType = "com.apple.product-type.application";
		};
		975598C619B9486100CD85F8 /* BackgroundChangerTests */ = {
			isa = PBXNativeTarget;
			buildConfigurationList = 975598DB19B9486100CD85F8 /* Build configuration list for PBXNativeTarget "BackgroundChangerTests" */;
			buildPhases = (
				975598C319B9486100CD85F8 /* Sources */,
				975598C419B9486100CD85F8 /* Frameworks */,
				975598C519B9486100CD85F8 /* Resources */,
			);
			buildRules = (
			);
			dependencies = (
				975598CD19B9486100CD85F8 /* PBXTargetDependency */,
			);
			name = BackgroundChangerTests;
			productName = BackgroundChangerTests;
			productReference = 975598C719B9486100CD85F8 /* BackgroundChangerTests.xctest */;
			productType = "com.apple.product-type.bundle.unit-test";
		};
/* End PBXNativeTarget section */

/* Begin PBXProject section */
		9755989E19B9486000CD85F8 /* Project object */ = {
			isa = PBXProject;
			attributes = {
				LastUpgradeCheck = 0510;
				ORGANIZATIONNAME = jbutewicz;
				TargetAttributes = {
					975598C619B9486100CD85F8 = {
						TestTargetID = 975598A519B9486000CD85F8;
					};
				};
			};
			buildConfigurationList = 975598A119B9486000CD85F8 /* Build configuration list for PBXProject "BackgroundChanger" */;
			compatibilityVersion = "Xcode 3.2";
			developmentRegion = English;
			hasScannedForEncodings = 0;
			knownRegions = (
				en,
				Base,
			);
			mainGroup = 9755989D19B9486000CD85F8;
			productRefGroup = 975598A719B9486000CD85F8 /* Products */;
			projectDirPath = "";
			projectRoot = "";
			targets = (
				975598A519B9486000CD85F8 /* BackgroundChanger */,
				975598C619B9486100CD85F8 /* BackgroundChangerTests */,
			);
		};
/* End PBXProject section */

/* Begin PBXResourcesBuildPhase section */
		975598A419B9486000CD85F8 /* Resources */ = {
			isa = PBXResourcesBuildPhase;
			buildActionMask = 2147483647;
			files = (
				975598C219B9486100CD85F8 /* Images.xcassets in Resources */,
				975598B419B9486000CD85F8 /* InfoPlist.strings in Resources */,
				975598BD19B9486100CD85F8 /* Main.storyboard in Resources */,
			);
			runOnlyForDeploymentPostprocessing = 0;
		};
		975598C519B9486100CD85F8 /* Resources */ = {
			isa = PBXResourcesBuildPhase;
			buildActionMask = 2147483647;
			files = (
				975598D319B9486100CD85F8 /* InfoPlist.strings in Resources */,
			);
			runOnlyForDeploymentPostprocessing = 0;
		};
/* End PBXResourcesBuildPhase section */

/* Begin PBXSourcesBuildPhase section */
		975598A219B9486000CD85F8 /* Sources */ = {
			isa = PBXSourcesBuildPhase;
			buildActionMask = 2147483647;
			files = (
				975598C019B9486100CD85F8 /* ChangerViewController.m in Sources */,
				975598BA19B9486100CD85F8 /* AppDelegate.m in Sources */,
				975598E019B9508D00CD85F8 /* BackgroundView.m in Sources */,
				975598E619BA0AD100CD85F8 /* ColorGenerator.m in Sources */,
				975598B619B9486100CD85F8 /* main.m in Sources */,
			);
			runOnlyForDeploymentPostprocessing = 0;
		};
		975598C319B9486100CD85F8 /* Sources */ = {
			isa = PBXSourcesBuildPhase;
			buildActionMask = 2147483647;
			files = (
				975598D519B9486100CD85F8 /* BackgroundChangerTests.m in Sources */,
			);
			runOnlyForDeploymentPostprocessing = 0;
		};
/* End PBXSourcesBuildPhase section */

/* Begin PBXTargetDependency section */
		975598CD19B9486100CD85F8 /* PBXTargetDependency */ = {
			isa = PBXTargetDependency;
			target = 975598A519B9486000CD85F8 /* BackgroundChanger */;
			targetProxy = 975598CC19B9486100CD85F8 /* PBXContainerItemProxy */;
		};
/* End PBXTargetDependency section */

/* Begin PBXVariantGroup section */
		975598B219B9486000CD85F8 /* InfoPlist.strings */ = {
			isa = PBXVariantGroup;
			children = (
				975598B319B9486000CD85F8 /* en */,
			);
			name = InfoPlist.strings;
			sourceTree = "<group>";
		};
		975598BB19B9486100CD85F8 /* Main.storyboard */ = {
			isa = PBXVariantGroup;
			children = (
				975598BC19B9486100CD85F8 /* Base */,
			);
			name = Main.storyboard;
			sourceTree = "<group>";
		};
		975598D119B9486100CD85F8 /* InfoPlist.strings */ = {
			isa = PBXVariantGroup;
			children = (
				975598D219B9486100CD85F8 /* en */,
			);
			name = InfoPlist.strings;
			sourceTree = "<group>";
		};
/* End PBXVariantGroup section */

/* Begin XCBuildConfiguration section */
		975598D619B9486100CD85F8 /* Debug */ = {
			isa = XCBuildConfiguration;
			buildSettings = {
				ALWAYS_SEARCH_USER_PATHS = NO;
				CLANG_CXX_LANGUAGE_STANDARD = "gnu++0x";
				CLANG_CXX_LIBRARY = "libc++";
				CLANG_ENABLE_MODULES = YES;
				CLANG_ENABLE_OBJC_ARC = YES;
				CLANG_WARN_BOOL_CONVERSION = YES;
				CLANG_WARN_CONSTANT_CONVERSION = YES;
				CLANG_WARN_DIRECT_OBJC_ISA_USAGE = YES_ERROR;
				CLANG_WARN_EMPTY_BODY = YES;
				CLANG_WARN_ENUM_CONVERSION = YES;
				CLANG_WARN_INT_CONVERSION = YES;
				CLANG_WARN_OBJC_ROOT_CLASS = YES_ERROR;
				CLANG_WARN__DUPLICATE_METHOD_MATCH = YES;
				"CODE_SIGN_IDENTITY[sdk=iphoneos*]" = "iPhone Developer";
				COPY_PHASE_STRIP = NO;
				GCC_C_LANGUAGE_STANDARD = gnu99;
				GCC_DYNAMIC_NO_PIC = NO;
				GCC_OPTIMIZATION_LEVEL = 0;
				GCC_PREPROCESSOR_DEFINITIONS = (
					"DEBUG=1",
					"$(inherited)",
				);
				GCC_SYMBOLS_PRIVATE_EXTERN = NO;
				GCC_WARN_64_TO_32_BIT_CONVERSION = YES;
				GCC_WARN_ABOUT_RETURN_TYPE = YES_ERROR;
				GCC_WARN_UNDECLARED_SELECTOR = YES;
				GCC_WARN_UNINITIALIZED_AUTOS = YES_AGGRESSIVE;
				GCC_WARN_UNUSED_FUNCTION = YES;
				GCC_WARN_UNUSED_VARIABLE = YES;
				IPHONEOS_DEPLOYMENT_TARGET = 7.1;
				ONLY_ACTIVE_ARCH = YES;
				SDKROOT = iphoneos;
			};
			name = Debug;
		};
		975598D719B9486100CD85F8 /* Release */ = {
			isa = XCBuildConfiguration;
			buildSettings = {
				ALWAYS_SEARCH_USER_PATHS = NO;
				CLANG_CXX_LANGUAGE_STANDARD = "gnu++0x";
				CLANG_CXX_LIBRARY = "libc++";
				CLANG_ENABLE_MODULES = YES;
				CLANG_ENABLE_OBJC_ARC = YES;
				CLANG_WARN_BOOL_CONVERSION = YES;
				CLANG_WARN_CONSTANT_CONVERSION = YES;
				CLANG_WARN_DIRECT_OBJC_ISA_USAGE = YES_ERROR;
				CLANG_WARN_EMPTY_BODY = YES;
				CLANG_WARN_ENUM_CONVERSION = YES;
				CLANG_WARN_INT_CONVERSION = YES;
				CLANG_WARN_OBJC_ROOT_CLASS = YES_ERROR;
				CLANG_WARN__DUPLICATE_METHOD_MATCH = YES;
				"CODE_SIGN_IDENTITY[sdk=iphoneos*]" = "iPhone Developer";
				COPY_PHASE_STRIP = YES;
				ENABLE_NS_ASSERTIONS = NO;
				GCC_C_LANGUAGE_STANDARD = gnu99;
				GCC_WARN_64_TO_32_BIT_CONVERSION = YES;
				GCC_WARN_ABOUT_RETURN_TYPE = YES_ERROR;
				GCC_WARN_UNDECLARED_SELECTOR = YES;
				GCC_WARN_UNINITIALIZED_AUTOS = YES_AGGRESSIVE;
				GCC_WARN_UNUSED_FUNCTION = YES;
				GCC_WARN_UNUSED_VARIABLE = YES;
				IPHONEOS_DEPLOYMENT_TARGET = 7.1;
				SDKROOT = iphoneos;
				VALIDATE_PRODUCT = YES;
			};
			name = Release;
		};
		975598D919B9486100CD85F8 /* Debug */ = {
			isa = XCBuildConfiguration;
			buildSettings = {
				ASSETCATALOG_COMPILER_APPICON_NAME = AppIcon;
				ASSETCATALOG_COMPILER_LAUNCHIMAGE_NAME = LaunchImage;
				GCC_PRECOMPILE_PREFIX_HEADER = YES;
				GCC_PREFIX_HEADER = "BackgroundChanger/BackgroundChanger-Prefix.pch";
				INFOPLIST_FILE = "BackgroundChanger/BackgroundChanger-Info.plist";
				PRODUCT_NAME = "$(TARGET_NAME)";
				WRAPPER_EXTENSION = app;
			};
			name = Debug;
		};
		975598DA19B9486100CD85F8 /* Release */ = {
			isa = XCBuildConfiguration;
			buildSettings = {
				ASSETCATALOG_COMPILER_APPICON_NAME = AppIcon;
				ASSETCATALOG_COMPILER_LAUNCHIMAGE_NAME = LaunchImage;
				GCC_PRECOMPILE_PREFIX_HEADER = YES;
				GCC_PREFIX_HEADER = "BackgroundChanger/BackgroundChanger-Prefix.pch";
				INFOPLIST_FILE = "BackgroundChanger/BackgroundChanger-Info.plist";
				PRODUCT_NAME = "$(TARGET_NAME)";
				WRAPPER_EXTENSION = app;
			};
			name = Release;
		};
		975598DC19B9486100CD85F8 /* Debug */ = {
			isa = XCBuildConfiguration;
			buildSettings = {
				BUNDLE_LOADER = "$(BUILT_PRODUCTS_DIR)/BackgroundChanger.app/BackgroundChanger";
				FRAMEWORK_SEARCH_PATHS = (
					"$(SDKROOT)/Developer/Library/Frameworks",
					"$(inherited)",
					"$(DEVELOPER_FRAMEWORKS_DIR)",
				);
				GCC_PRECOMPILE_PREFIX_HEADER = YES;
				GCC_PREFIX_HEADER = "BackgroundChanger/BackgroundChanger-Prefix.pch";
				GCC_PREPROCESSOR_DEFINITIONS = (
					"DEBUG=1",
					"$(inherited)",
				);
				INFOPLIST_FILE = "BackgroundChangerTests/BackgroundChangerTests-Info.plist";
				PRODUCT_NAME = "$(TARGET_NAME)";
				TEST_HOST = "$(BUNDLE_LOADER)";
				WRAPPER_EXTENSION = xctest;
			};
			name = Debug;
		};
		975598DD19B9486100CD85F8 /* Release */ = {
			isa = XCBuildConfiguration;
			buildSettings = {
				BUNDLE_LOADER = "$(BUILT_PRODUCTS_DIR)/BackgroundChanger.app/BackgroundChanger";
				FRAMEWORK_SEARCH_PATHS = (
					"$(SDKROOT)/Developer/Library/Frameworks",
					"$(inherited)",
					"$(DEVELOPER_FRAMEWORKS_DIR)",
				);
				GCC_PRECOMPILE_PREFIX_HEADER = YES;
				GCC_PREFIX_HEADER = "BackgroundChanger/BackgroundChanger-Prefix.pch";
				INFOPLIST_FILE = "BackgroundChangerTests/BackgroundChangerTests-Info.plist";
				PRODUCT_NAME = "$(TARGET_NAME)";
				TEST_HOST = "$(BUNDLE_LOADER)";
				WRAPPER_EXTENSION = xctest;
			};
			name = Release;
		};
/* End XCBuildConfiguration section */

/* Begin XCConfigurationList section */
		975598A119B9486000CD85F8 /* Build configuration list for PBXProject "BackgroundChanger" */ = {
			isa = XCConfigurationList;
			buildConfigurations = (
				975598D619B9486100CD85F8 /* Debug */,
				975598D719B9486100CD85F8 /* Release */,
			);
			defaultConfigurationIsVisible = 0;
			defaultConfigurationName = Release;
		};
		975598D819B9486100CD85F8 /* Build configuration list for PBXNativeTarget "BackgroundChanger" */ = {
			isa = XCConfigurationList;
			buildConfigurations = (
				975598D919B9486100CD85F8 /* Debug */,
				975598DA19B9486100CD85F8 /* Release */,
			);
			defaultConfigurationIsVisible = 0;
			defaultConfigurationName = Release;
		};
		975598DB19B9486100CD85F8 /* Build configuration list for PBXNativeTarget "BackgroundChangerTests" */ = {
			isa = XCConfigurationList;
			buildConfigurations = (
				975598DC19B9486100CD85F8 /* Debug */,
				975598DD19B9486100CD85F8 /* Release */,
			);
			defaultConfigurationIsVisible = 0;
			defaultConfigurationName = Release;
		};
/* End XCConfigurationList section */
	};
	rootObject = 9755989E19B9486000CD85F8 /* Project object */;
}
